// !$*UTF8*$!
{
	archiveVersion = 1;
	classes = {
	};
	objectVersion = 46;
	objects = {

/* Begin PBXBuildFile section */
		42384E4E1C86632B00CFE742 /* ParseClient.swift in Sources */ = {isa = PBXBuildFile; fileRef = 42384E4D1C86632B00CFE742 /* ParseClient.swift */; };
		42384E501C86663A00CFE742 /* ParseConstants.swift in Sources */ = {isa = PBXBuildFile; fileRef = 42384E4F1C86663A00CFE742 /* ParseConstants.swift */; };
		429918B71C7422DA0057874B /* Roboto-Regular.ttf in Resources */ = {isa = PBXBuildFile; fileRef = 429918B61C7422DA0057874B /* Roboto-Regular.ttf */; };
		429918B91C7422FA0057874B /* Roboto-Medium.ttf in Resources */ = {isa = PBXBuildFile; fileRef = 429918B81C7422FA0057874B /* Roboto-Medium.ttf */; };
		429918BB1C7423310057874B /* Roboto-Thin.ttf in Resources */ = {isa = PBXBuildFile; fileRef = 429918BA1C7423310057874B /* Roboto-Thin.ttf */; };
		429918BD1C756CA90057874B /* MapViewController.swift in Sources */ = {isa = PBXBuildFile; fileRef = 429918BC1C756CA90057874B /* MapViewController.swift */; };
		429918BF1C756D660057874B /* LocationTableViewController.swift in Sources */ = {isa = PBXBuildFile; fileRef = 429918BE1C756D660057874B /* LocationTableViewController.swift */; };
		429918C11C756E1D0057874B /* InformationPostingViewController.swift in Sources */ = {isa = PBXBuildFile; fileRef = 429918C01C756E1D0057874B /* InformationPostingViewController.swift */; };
		429918C31C7A70440057874B /* UdacityClient.swift in Sources */ = {isa = PBXBuildFile; fileRef = 429918C21C7A70440057874B /* UdacityClient.swift */; };
		429918CB1C7AC7740057874B /* UdacityConstants.swift in Sources */ = {isa = PBXBuildFile; fileRef = 429918CA1C7AC7740057874B /* UdacityConstants.swift */; };
		429918CD1C7AD2EE0057874B /* UdacityConvenience.swift in Sources */ = {isa = PBXBuildFile; fileRef = 429918CC1C7AD2EE0057874B /* UdacityConvenience.swift */; };
		42E936991C714FC500990340 /* AppDelegate.swift in Sources */ = {isa = PBXBuildFile; fileRef = 42E936981C714FC500990340 /* AppDelegate.swift */; };
		42E9369B1C714FC500990340 /* LoginViewController.swift in Sources */ = {isa = PBXBuildFile; fileRef = 42E9369A1C714FC500990340 /* LoginViewController.swift */; };
		42E9369E1C714FC500990340 /* Main.storyboard in Resources */ = {isa = PBXBuildFile; fileRef = 42E9369C1C714FC500990340 /* Main.storyboard */; };
		42E936A01C714FC500990340 /* Assets.xcassets in Resources */ = {isa = PBXBuildFile; fileRef = 42E9369F1C714FC500990340 /* Assets.xcassets */; };
		42E936A31C714FC500990340 /* LaunchScreen.storyboard in Resources */ = {isa = PBXBuildFile; fileRef = 42E936A11C714FC500990340 /* LaunchScreen.storyboard */; };
/* End PBXBuildFile section */

/* Begin PBXFileReference section */
		42384E4D1C86632B00CFE742 /* ParseClient.swift */ = {isa = PBXFileReference; fileEncoding = 4; lastKnownFileType = sourcecode.swift; path = ParseClient.swift; sourceTree = "<group>"; };
		42384E4F1C86663A00CFE742 /* ParseConstants.swift */ = {isa = PBXFileReference; fileEncoding = 4; lastKnownFileType = sourcecode.swift; path = ParseConstants.swift; sourceTree = "<group>"; };
		429918B61C7422DA0057874B /* Roboto-Regular.ttf */ = {isa = PBXFileReference; lastKnownFileType = file; path = "Roboto-Regular.ttf"; sourceTree = "<group>"; };
		429918B81C7422FA0057874B /* Roboto-Medium.ttf */ = {isa = PBXFileReference; lastKnownFileType = file; path = "Roboto-Medium.ttf"; sourceTree = "<group>"; };
		429918BA1C7423310057874B /* Roboto-Thin.ttf */ = {isa = PBXFileReference; lastKnownFileType = file; path = "Roboto-Thin.ttf"; sourceTree = "<group>"; };
		429918BC1C756CA90057874B /* MapViewController.swift */ = {isa = PBXFileReference; fileEncoding = 4; lastKnownFileType = sourcecode.swift; path = MapViewController.swift; sourceTree = "<group>"; };
		429918BE1C756D660057874B /* LocationTableViewController.swift */ = {isa = PBXFileReference; fileEncoding = 4; lastKnownFileType = sourcecode.swift; path = LocationTableViewController.swift; sourceTree = "<group>"; };
		429918C01C756E1D0057874B /* InformationPostingViewController.swift */ = {isa = PBXFileReference; fileEncoding = 4; lastKnownFileType = sourcecode.swift; path = InformationPostingViewController.swift; sourceTree = "<group>"; };
		429918C21C7A70440057874B /* UdacityClient.swift */ = {isa = PBXFileReference; fileEncoding = 4; lastKnownFileType = sourcecode.swift; path = UdacityClient.swift; sourceTree = "<group>"; };
		429918CA1C7AC7740057874B /* UdacityConstants.swift */ = {isa = PBXFileReference; fileEncoding = 4; lastKnownFileType = sourcecode.swift; path = UdacityConstants.swift; sourceTree = "<group>"; };
		429918CC1C7AD2EE0057874B /* UdacityConvenience.swift */ = {isa = PBXFileReference; fileEncoding = 4; lastKnownFileType = sourcecode.swift; path = UdacityConvenience.swift; sourceTree = "<group>"; };
		42E936951C714FC500990340 /* OnTheMap.app */ = {isa = PBXFileReference; explicitFileType = wrapper.application; includeInIndex = 0; path = OnTheMap.app; sourceTree = BUILT_PRODUCTS_DIR; };
		42E936981C714FC500990340 /* AppDelegate.swift */ = {isa = PBXFileReference; lastKnownFileType = sourcecode.swift; path = AppDelegate.swift; sourceTree = "<group>"; };
		42E9369A1C714FC500990340 /* LoginViewController.swift */ = {isa = PBXFileReference; lastKnownFileType = sourcecode.swift; path = LoginViewController.swift; sourceTree = "<group>"; };
		42E9369D1C714FC500990340 /* Base */ = {isa = PBXFileReference; lastKnownFileType = file.storyboard; name = Base; path = Base.lproj/Main.storyboard; sourceTree = "<group>"; };
		42E9369F1C714FC500990340 /* Assets.xcassets */ = {isa = PBXFileReference; lastKnownFileType = folder.assetcatalog; path = Assets.xcassets; sourceTree = "<group>"; };
		42E936A21C714FC500990340 /* Base */ = {isa = PBXFileReference; lastKnownFileType = file.storyboard; name = Base; path = Base.lproj/LaunchScreen.storyboard; sourceTree = "<group>"; };
		42E936A41C714FC500990340 /* Info.plist */ = {isa = PBXFileReference; lastKnownFileType = text.plist.xml; path = Info.plist; sourceTree = "<group>"; };
/* End PBXFileReference section */

/* Begin PBXFrameworksBuildPhase section */
		42E936921C714FC500990340 /* Frameworks */ = {
			isa = PBXFrameworksBuildPhase;
			buildActionMask = 2147483647;
			files = (
			);
			runOnlyForDeploymentPostprocessing = 0;
		};
/* End PBXFrameworksBuildPhase section */

/* Begin PBXGroup section */
		42384E4C1C86631400CFE742 /* Parse */ = {
			isa = PBXGroup;
			children = (
				42384E4D1C86632B00CFE742 /* ParseClient.swift */,
				42384E4F1C86663A00CFE742 /* ParseConstants.swift */,
			);
			name = Parse;
			sourceTree = "<group>";
		};
		429918C41C7AC4E20057874B /* Assets */ = {
			isa = PBXGroup;
			children = (
				42E9369C1C714FC500990340 /* Main.storyboard */,
				42E9369F1C714FC500990340 /* Assets.xcassets */,
				42E936A11C714FC500990340 /* LaunchScreen.storyboard */,
				429918B61C7422DA0057874B /* Roboto-Regular.ttf */,
				429918B81C7422FA0057874B /* Roboto-Medium.ttf */,
				429918BA1C7423310057874B /* Roboto-Thin.ttf */,
			);
			name = Assets;
			sourceTree = "<group>";
		};
		429918C51C7AC4F50057874B /* Controller */ = {
			isa = PBXGroup;
			children = (
				42E9369A1C714FC500990340 /* LoginViewController.swift */,
				429918BC1C756CA90057874B /* MapViewController.swift */,
				429918BE1C756D660057874B /* LocationTableViewController.swift */,
				429918C01C756E1D0057874B /* InformationPostingViewController.swift */,
			);
			name = Controller;
			sourceTree = "<group>";
		};
		429918C61C7AC50D0057874B /* Supporting Files */ = {
			isa = PBXGroup;
			children = (
				42E936A41C714FC500990340 /* Info.plist */,
			);
			name = "Supporting Files";
			sourceTree = "<group>";
		};
		429918C71C7AC52D0057874B /* Model */ = {
			isa = PBXGroup;
			children = (
				429918C91C7AC5A70057874B /* Clients */,
			);
			name = Model;
			sourceTree = "<group>";
		};
		429918C81C7AC5360057874B /* Udacity */ = {
			isa = PBXGroup;
			children = (
				429918C21C7A70440057874B /* UdacityClient.swift */,
				429918CA1C7AC7740057874B /* UdacityConstants.swift */,
				429918CC1C7AD2EE0057874B /* UdacityConvenience.swift */,
			);
			name = Udacity;
			sourceTree = "<group>";
		};
		429918C91C7AC5A70057874B /* Clients */ = {
			isa = PBXGroup;
			children = (
				42384E4C1C86631400CFE742 /* Parse */,
				429918C81C7AC5360057874B /* Udacity */,
			);
			name = Clients;
			sourceTree = "<group>";
		};
		42E9368C1C714FC500990340 = {
			isa = PBXGroup;
			children = (
				42E936971C714FC500990340 /* OnTheMap */,
				42E936961C714FC500990340 /* Products */,
			);
			sourceTree = "<group>";
		};
		42E936961C714FC500990340 /* Products */ = {
			isa = PBXGroup;
			children = (
				42E936951C714FC500990340 /* OnTheMap.app */,
			);
			name = Products;
			sourceTree = "<group>";
		};
		42E936971C714FC500990340 /* OnTheMap */ = {
			isa = PBXGroup;
			children = (
				42E936981C714FC500990340 /* AppDelegate.swift */,
				429918C71C7AC52D0057874B /* Model */,
				429918C51C7AC4F50057874B /* Controller */,
				429918C41C7AC4E20057874B /* Assets */,
				429918C61C7AC50D0057874B /* Supporting Files */,
			);
			path = OnTheMap;
			sourceTree = "<group>";
		};
/* End PBXGroup section */

/* Begin PBXNativeTarget section */
		42E936941C714FC500990340 /* OnTheMap */ = {
			isa = PBXNativeTarget;
			buildConfigurationList = 42E936A71C714FC500990340 /* Build configuration list for PBXNativeTarget "OnTheMap" */;
			buildPhases = (
				42E936911C714FC500990340 /* Sources */,
				42E936921C714FC500990340 /* Frameworks */,
				42E936931C714FC500990340 /* Resources */,
			);
			buildRules = (
			);
			dependencies = (
			);
			name = OnTheMap;
			productName = OnTheMap;
			productReference = 42E936951C714FC500990340 /* OnTheMap.app */;
			productType = "com.apple.product-type.application";
		};
/* End PBXNativeTarget section */

/* Begin PBXProject section */
		42E9368D1C714FC500990340 /* Project object */ = {
			isa = PBXProject;
			attributes = {
				LastSwiftUpdateCheck = 0720;
				LastUpgradeCheck = 0720;
				ORGANIZATIONNAME = "Joshua Hunsberger";
				TargetAttributes = {
					42E936941C714FC500990340 = {
						CreatedOnToolsVersion = 7.2.1;
					};
				};
			};
			buildConfigurationList = 42E936901C714FC500990340 /* Build configuration list for PBXProject "OnTheMap" */;
			compatibilityVersion = "Xcode 3.2";
			developmentRegion = English;
			hasScannedForEncodings = 0;
			knownRegions = (
				en,
				Base,
			);
			mainGroup = 42E9368C1C714FC500990340;
			productRefGroup = 42E936961C714FC500990340 /* Products */;
			projectDirPath = "";
			projectRoot = "";
			targets = (
				42E936941C714FC500990340 /* OnTheMap */,
			);
		};
/* End PBXProject section */

/* Begin PBXResourcesBuildPhase section */
		42E936931C714FC500990340 /* Resources */ = {
			isa = PBXResourcesBuildPhase;
			buildActionMask = 2147483647;
			files = (
				429918B91C7422FA0057874B /* Roboto-Medium.ttf in Resources */,
				42E936A31C714FC500990340 /* LaunchScreen.storyboard in Resources */,
				429918BB1C7423310057874B /* Roboto-Thin.ttf in Resources */,
				42E936A01C714FC500990340 /* Assets.xcassets in Resources */,
				429918B71C7422DA0057874B /* Roboto-Regular.ttf in Resources */,
				42E9369E1C714FC500990340 /* Main.storyboard in Resources */,
			);
			runOnlyForDeploymentPostprocessing = 0;
		};
/* End PBXResourcesBuildPhase section */

/* Begin PBXSourcesBuildPhase section */
		42E936911C714FC500990340 /* Sources */ = {
			isa = PBXSourcesBuildPhase;
			buildActionMask = 2147483647;
			files = (
				42384E4E1C86632B00CFE742 /* ParseClient.swift in Sources */,
				429918BF1C756D660057874B /* LocationTableViewController.swift in Sources */,
				429918CB1C7AC7740057874B /* UdacityConstants.swift in Sources */,
				42384E501C86663A00CFE742 /* ParseConstants.swift in Sources */,
				429918C11C756E1D0057874B /* InformationPostingViewController.swift in Sources */,
				429918CD1C7AD2EE0057874B /* UdacityConvenience.swift in Sources */,
				429918C31C7A70440057874B /* UdacityClient.swift in Sources */,
				42E9369B1C714FC500990340 /* LoginViewController.swift in Sources */,
				429918BD1C756CA90057874B /* MapViewController.swift in Sources */,
				42E936991C714FC500990340 /* AppDelegate.swift in Sources */,
			);
			runOnlyForDeploymentPostprocessing = 0;
		};
/* End PBXSourcesBuildPhase section */

/* Begin PBXVariantGroup section */
		42E9369C1C714FC500990340 /* Main.storyboard */ = {
			isa = PBXVariantGroup;
			children = (
				42E9369D1C714FC500990340 /* Base */,
			);
			name = Main.storyboard;
			sourceTree = "<group>";
		};
		42E936A11C714FC500990340 /* LaunchScreen.storyboard */ = {
			isa = PBXVariantGroup;
			children = (
				42E936A21C714FC500990340 /* Base */,
			);
			name = LaunchScreen.storyboard;
			sourceTree = "<group>";
		};
/* End PBXVariantGroup section */

/* Begin XCBuildConfiguration section */
		42E936A51C714FC500990340 /* Debug */ = {
			isa = XCBuildConfiguration;
			buildSettings = {
				ALWAYS_SEARCH_USER_PATHS = NO;
				CLANG_CXX_LANGUAGE_STANDARD = "gnu++0x";
				CLANG_CXX_LIBRARY = "libc++";
				CLANG_ENABLE_MODULES = YES;
				CLANG_ENABLE_OBJC_ARC = YES;
				CLANG_WARN_BOOL_CONVERSION = YES;
				CLANG_WARN_CONSTANT_CONVERSION = YES;
				CLANG_WARN_DIRECT_OBJC_ISA_USAGE = YES_ERROR;
				CLANG_WARN_EMPTY_BODY = YES;
				CLANG_WARN_ENUM_CONVERSION = YES;
				CLANG_WARN_INT_CONVERSION = YES;
				CLANG_WARN_OBJC_ROOT_CLASS = YES_ERROR;
				CLANG_WARN_UNREACHABLE_CODE = YES;
				CLANG_WARN__DUPLICATE_METHOD_MATCH = YES;
				"CODE_SIGN_IDENTITY[sdk=iphoneos*]" = "iPhone Developer";
				COPY_PHASE_STRIP = NO;
				DEBUG_INFORMATION_FORMAT = dwarf;
				ENABLE_STRICT_OBJC_MSGSEND = YES;
				ENABLE_TESTABILITY = YES;
				GCC_C_LANGUAGE_STANDARD = gnu99;
				GCC_DYNAMIC_NO_PIC = NO;
				GCC_NO_COMMON_BLOCKS = YES;
				GCC_OPTIMIZATION_LEVEL = 0;
				GCC_PREPROCESSOR_DEFINITIONS = (
					"DEBUG=1",
					"$(inherited)",
				);
				GCC_WARN_64_TO_32_BIT_CONVERSION = YES;
				GCC_WARN_ABOUT_RETURN_TYPE = YES_ERROR;
				GCC_WARN_UNDECLARED_SELECTOR = YES;
				GCC_WARN_UNINITIALIZED_AUTOS = YES_AGGRESSIVE;
				GCC_WARN_UNUSED_FUNCTION = YES;
				GCC_WARN_UNUSED_VARIABLE = YES;
				IPHONEOS_DEPLOYMENT_TARGET = 9.2;
				MTL_ENABLE_DEBUG_INFO = YES;
				ONLY_ACTIVE_ARCH = YES;
				SDKROOT = iphoneos;
				SWIFT_OPTIMIZATION_LEVEL = "-Onone";
				TARGETED_DEVICE_FAMILY = "1,2";
			};
			name = Debug;
		};
		42E936A61C714FC500990340 /* Release */ = {
			isa = XCBuildConfiguration;
			buildSettings = {
				ALWAYS_SEARCH_USER_PATHS = NO;
				CLANG_CXX_LANGUAGE_STANDARD = "gnu++0x";
				CLANG_CXX_LIBRARY = "libc++";
				CLANG_ENABLE_MODULES = YES;
				CLANG_ENABLE_OBJC_ARC = YES;
				CLANG_WARN_BOOL_CONVERSION = YES;
				CLANG_WARN_CONSTANT_CONVERSION = YES;
				CLANG_WARN_DIRECT_OBJC_ISA_USAGE = YES_ERROR;
				CLANG_WARN_EMPTY_BODY = YES;
				CLANG_WARN_ENUM_CONVERSION = YES;
				CLANG_WARN_INT_CONVERSION = YES;
				CLANG_WARN_OBJC_ROOT_CLASS = YES_ERROR;
				CLANG_WARN_UNREACHABLE_CODE = YES;
				CLANG_WARN__DUPLICATE_METHOD_MATCH = YES;
				"CODE_SIGN_IDENTITY[sdk=iphoneos*]" = "iPhone Developer";
				COPY_PHASE_STRIP = NO;
				DEBUG_INFORMATION_FORMAT = "dwarf-with-dsym";
				ENABLE_NS_ASSERTIONS = NO;
				ENABLE_STRICT_OBJC_MSGSEND = YES;
				GCC_C_LANGUAGE_STANDARD = gnu99;
				GCC_NO_COMMON_BLOCKS = YES;
				GCC_WARN_64_TO_32_BIT_CONVERSION = YES;
				GCC_WARN_ABOUT_RETURN_TYPE = YES_ERROR;
				GCC_WARN_UNDECLARED_SELECTOR = YES;
				GCC_WARN_UNINITIALIZED_AUTOS = YES_AGGRESSIVE;
				GCC_WARN_UNUSED_FUNCTION = YES;
				GCC_WARN_UNUSED_VARIABLE = YES;
				IPHONEOS_DEPLOYMENT_TARGET = 9.2;
				MTL_ENABLE_DEBUG_INFO = NO;
				SDKROOT = iphoneos;
				TARGETED_DEVICE_FAMILY = "1,2";
				VALIDATE_PRODUCT = YES;
			};
			name = Release;
		};
		42E936A81C714FC500990340 /* Debug */ = {
			isa = XCBuildConfiguration;
			buildSettings = {
				ASSETCATALOG_COMPILER_APPICON_NAME = AppIcon;
				INFOPLIST_FILE = OnTheMap/Info.plist;
				LD_RUNPATH_SEARCH_PATHS = "$(inherited) @executable_path/Frameworks";
				PRODUCT_BUNDLE_IDENTIFIER = co.hunsberger.OnTheMap;
				PRODUCT_NAME = "$(TARGET_NAME)";
			};
			name = Debug;
		};
		42E936A91C714FC500990340 /* Release */ = {
			isa = XCBuildConfiguration;
			buildSettings = {
				ASSETCATALOG_COMPILER_APPICON_NAME = AppIcon;
				INFOPLIST_FILE = OnTheMap/Info.plist;
				LD_RUNPATH_SEARCH_PATHS = "$(inherited) @executable_path/Frameworks";
				PRODUCT_BUNDLE_IDENTIFIER = co.hunsberger.OnTheMap;
				PRODUCT_NAME = "$(TARGET_NAME)";
			};
			name = Release;
		};
/* End XCBuildConfiguration section */

/* Begin XCConfigurationList section */
		42E936901C714FC500990340 /* Build configuration list for PBXProject "OnTheMap" */ = {
			isa = XCConfigurationList;
			buildConfigurations = (
				42E936A51C714FC500990340 /* Debug */,
				42E936A61C714FC500990340 /* Release */,
			);
			defaultConfigurationIsVisible = 0;
			defaultConfigurationName = Release;
		};
		42E936A71C714FC500990340 /* Build configuration list for PBXNativeTarget "OnTheMap" */ = {
			isa = XCConfigurationList;
			buildConfigurations = (
				42E936A81C714FC500990340 /* Debug */,
				42E936A91C714FC500990340 /* Release */,
			);
			defaultConfigurationIsVisible = 0;
			defaultConfigurationName = Release;
		};
/* End XCConfigurationList section */
	};
	rootObject = 42E9368D1C714FC500990340 /* Project object */;
}
